github.com/prr123/gitEdit v0.0.0-20250209165828-54c3ca3998cc h1:GjYF8qAdWEzmTgtZUpbfaxzteYGydR2d2oPVfqdVmR4=
github.com/prr123/gitEdit v0.0.0-20250209165828-54c3ca3998cc/go.mod h1:MsM83bRsycQ0vtC/q4XFSaqzKAZ36r3LvgqGyNvhFN8=
github.com/prr123/utility v0.0.0-20231118162304-2ae693d53e09 h1:V+DMrvr3hNflB3aNFa0837OglecucZLbNiy3fEeFJBE=
github.com/prr123/utility v0.0.0-20231118162304-2ae693d53e09/go.mod h1:dJlEcbehgFOUuQ6D0iV9F7GnFxE3sjyss8uqgwQWqDI=
